# THIS IS AN AUTOGENERATED FILE. DO NOT EDIT THIS FILE DIRECTLY.
# yarn lockfile v1


rellax@^1.12.1:
  version "1.12.1"
  resolved "https://registry.yarnpkg.com/rellax/-/rellax-1.12.1.tgz#1b433ef7ac4aa3573449a33efab391c112f6b34d"
  integrity sha512-XBIi0CDpW5FLTujYjYBn1CIbK2CJL6TsAg/w409KghP2LucjjzBjsujXDAjyBLWgsfupfUcL5WzdnIPcGfK7XA==
